
Microsoft Visual Studio Solution File, Format Version 12.00
# Visual Studio Version 17
VisualStudioVersion = 17.4.33205.214
MinimumVisualStudioVersion = 10.0.40219.1
Project("{FAE04EC0-301F-11D3-BF4B-00C04F79EFBC}") = "ResultWrapperPackage", "ResultWrapperPackage\ResultWrapperPackage.csproj", "{D74D0E36-0D32-4D56-BB6D-C143C45DF4B4}"
EndProject
Global
	GlobalSection(SolutionConfigurationPlatforms) = preSolution
		Debug|Any CPU = Debug|Any CPU
		Release|Any CPU = Release|Any CPU
	EndGlobalSection
	GlobalSection(ProjectConfigurationPlatforms) = postSolution
		{D74D0E36-0D32-4D56-BB6D-C143C45DF4B4}.Debug|Any CPU.ActiveCfg = Debug|Any CPU
		{D74D0E36-0D32-4D56-BB6D-C143C45DF4B4}.Debug|Any CPU.Build.0 = Debug|Any CPU
		{D74D0E36-0D32-4D56-BB6D-C143C45DF4B4}.Release|Any CPU.ActiveCfg = Release|Any CPU
		{D74D0E36-0D32-4D56-BB6D-C143C45DF4B4}.Release|Any CPU.Build.0 = Release|Any CPU
	EndGlobalSection
	GlobalSection(SolutionProperties) = preSolution
		HideSolutionNode = FALSE
	EndGlobalSection
	GlobalSection(ExtensibilityGlobals) = postSolution
		SolutionGuid = {F27840B7-09C5-4A61-9AD6-D88DF1E1744B}
	EndGlobalSection
EndGlobal
